<?xml version="1.0" encoding="utf-8"?>
<Project ToolsVersion="4.0" xmlns="http://schemas.microsoft.com/developer/msbuild/2003">
  <ItemGroup>
    <Filter Include="Ragnarok">
      <UniqueIdentifier>{DA83DB4B-C650-3657-EF69-24FFDB956BE5}</UniqueIdentifier>
    </Filter>
  </ItemGroup>
  <ItemGroup>
    <ClInclude Include="src\Ragnarok.h" />
    <ClInclude Include="src\Ragnarok\Application.h">
      <Filter>Ragnarok</Filter>
    </ClInclude>
    <ClInclude Include="src\Ragnarok\Core.h">
      <Filter>Ragnarok</Filter>
    </ClInclude>
    <ClInclude Include="src\Ragnarok\EntryPoint.h">
      <Filter>Ragnarok</Filter>
    </ClInclude>
    <ClInclude Include="src\Ragnarok\Log.h">
      <Filter>Ragnarok</Filter>
    </ClInclude>
  </ItemGroup>
  <ItemGroup>
    <ClCompile Include="src\Ragnarok\Application.cpp">
      <Filter>Ragnarok</Filter>
    </ClCompile>
    <ClCompile Include="src\Ragnarok\Log.cpp">
      <Filter>Ragnarok</Filter>
    </ClCompile>
  </ItemGroup>
</Project>